
Microsoft Visual Studio Solution File, Format Version 12.00
# Visual Studio 14
VisualStudioVersion = 14.0.25420.1
MinimumVisualStudioVersion = 10.0.40219.1
Project("{FAE04EC0-301F-11D3-BF4B-00C04F79EFBC}") = "MathLibrary", "MathLibrary\MathLibrary.csproj", "{195F330A-925C-43B3-9497-98380C35BA13}"
EndProject
Project("{FAE04EC0-301F-11D3-BF4B-00C04F79EFBC}") = "MathLibrary.Tests", "MathLibrary.Tests\MathLibrary.Tests.csproj", "{FF440B5F-3D08-4EE1-9AAC-366195438C6D}"
EndProject
Global
	GlobalSection(SolutionConfigurationPlatforms) = preSolution
		Debug|Any CPU = Debug|Any CPU
		Release|Any CPU = Release|Any CPU
	EndGlobalSection
	GlobalSection(ProjectConfigurationPlatforms) = postSolution
		{195F330A-925C-43B3-9497-98380C35BA13}.Debug|Any CPU.ActiveCfg = Debug|Any CPU
		{195F330A-925C-43B3-9497-98380C35BA13}.Debug|Any CPU.Build.0 = Debug|Any CPU
		{195F330A-925C-43B3-9497-98380C35BA13}.Release|Any CPU.ActiveCfg = Release|Any CPU
		{195F330A-925C-43B3-9497-98380C35BA13}.Release|Any CPU.Build.0 = Release|Any CPU
		{FF440B5F-3D08-4EE1-9AAC-366195438C6D}.Debug|Any CPU.ActiveCfg = Debug|Any CPU
		{FF440B5F-3D08-4EE1-9AAC-366195438C6D}.Debug|Any CPU.Build.0 = Debug|Any CPU
		{FF440B5F-3D08-4EE1-9AAC-366195438C6D}.Release|Any CPU.ActiveCfg = Release|Any CPU
		{FF440B5F-3D08-4EE1-9AAC-366195438C6D}.Release|Any CPU.Build.0 = Release|Any CPU
	EndGlobalSection
	GlobalSection(SolutionProperties) = preSolution
		HideSolutionNode = FALSE
	EndGlobalSection
EndGlobal
