
Microsoft Visual Studio Solution File, Format Version 12.00
# Visual Studio 14
VisualStudioVersion = 14.0.25420.1
MinimumVisualStudioVersion = 10.0.40219.1
Project("{FAE04EC0-301F-11D3-BF4B-00C04F79EFBC}") = "XMLParser", "XMLParser\XMLParser.csproj", "{6BBAB792-545A-401E-B4C8-B38BB6A42229}"
EndProject
Project("{FAE04EC0-301F-11D3-BF4B-00C04F79EFBC}") = "XMLParser.Console", "XMLParser.Console\XMLParser.Console.csproj", "{49122BCB-2330-4EE5-951A-E4C9CE92770B}"
EndProject
Global
	GlobalSection(SolutionConfigurationPlatforms) = preSolution
		Debug|Any CPU = Debug|Any CPU
		Release|Any CPU = Release|Any CPU
	EndGlobalSection
	GlobalSection(ProjectConfigurationPlatforms) = postSolution
		{6BBAB792-545A-401E-B4C8-B38BB6A42229}.Debug|Any CPU.ActiveCfg = Debug|Any CPU
		{6BBAB792-545A-401E-B4C8-B38BB6A42229}.Debug|Any CPU.Build.0 = Debug|Any CPU
		{6BBAB792-545A-401E-B4C8-B38BB6A42229}.Release|Any CPU.ActiveCfg = Release|Any CPU
		{6BBAB792-545A-401E-B4C8-B38BB6A42229}.Release|Any CPU.Build.0 = Release|Any CPU
		{49122BCB-2330-4EE5-951A-E4C9CE92770B}.Debug|Any CPU.ActiveCfg = Debug|Any CPU
		{49122BCB-2330-4EE5-951A-E4C9CE92770B}.Debug|Any CPU.Build.0 = Debug|Any CPU
		{49122BCB-2330-4EE5-951A-E4C9CE92770B}.Release|Any CPU.ActiveCfg = Release|Any CPU
		{49122BCB-2330-4EE5-951A-E4C9CE92770B}.Release|Any CPU.Build.0 = Release|Any CPU
	EndGlobalSection
	GlobalSection(SolutionProperties) = preSolution
		HideSolutionNode = FALSE
	EndGlobalSection
EndGlobal
